
Microsoft Visual Studio Solution File, Format Version 12.00
Project("{FAE04EC0-301F-11D3-BF4B-00C04F79EFBC}") = "AdventOfCode", "AdventOfCode\AdventOfCode.csproj", "{D520FECF-49DA-46F9-8976-03DC26542DAE}"
EndProject
Global
	GlobalSection(SolutionConfigurationPlatforms) = preSolution
		Debug|Any CPU = Debug|Any CPU
		Release|Any CPU = Release|Any CPU
	EndGlobalSection
	GlobalSection(ProjectConfigurationPlatforms) = postSolution
		{D520FECF-49DA-46F9-8976-03DC26542DAE}.Debug|Any CPU.ActiveCfg = Debug|Any CPU
		{D520FECF-49DA-46F9-8976-03DC26542DAE}.Debug|Any CPU.Build.0 = Debug|Any CPU
		{D520FECF-49DA-46F9-8976-03DC26542DAE}.Release|Any CPU.ActiveCfg = Release|Any CPU
		{D520FECF-49DA-46F9-8976-03DC26542DAE}.Release|Any CPU.Build.0 = Release|Any CPU
	EndGlobalSection
EndGlobal
